
Microsoft Visual Studio Solution File, Format Version 12.00
# Visual Studio Version 16
VisualStudioVersion = 16.0.29215.179
MinimumVisualStudioVersion = 10.0.40219.1
Project("{FAE04EC0-301F-11D3-BF4B-00C04F79EFBC}") = "Unimpressive.Core", "Unimpressive.Core\Unimpressive.Core.csproj", "{A9E19876-0FD4-4B26-8C03-2D88DD4D6CFA}"
EndProject
Global
	GlobalSection(SolutionConfigurationPlatforms) = preSolution
		Debug|Any CPU = Debug|Any CPU
		Release|Any CPU = Release|Any CPU
	EndGlobalSection
	GlobalSection(ProjectConfigurationPlatforms) = postSolution
		{A9E19876-0FD4-4B26-8C03-2D88DD4D6CFA}.Debug|Any CPU.ActiveCfg = Debug|Any CPU
		{A9E19876-0FD4-4B26-8C03-2D88DD4D6CFA}.Debug|Any CPU.Build.0 = Debug|Any CPU
		{A9E19876-0FD4-4B26-8C03-2D88DD4D6CFA}.Release|Any CPU.ActiveCfg = Release|Any CPU
		{A9E19876-0FD4-4B26-8C03-2D88DD4D6CFA}.Release|Any CPU.Build.0 = Release|Any CPU
	EndGlobalSection
	GlobalSection(SolutionProperties) = preSolution
		HideSolutionNode = FALSE
	EndGlobalSection
	GlobalSection(ExtensibilityGlobals) = postSolution
		SolutionGuid = {69A59CB1-62B1-4B2C-BFB1-DE82CCDEC7C2}
	EndGlobalSection
EndGlobal
